PODS:
  - GTProgressBar (0.3.3)
  - iProgressHUD (1.1.1)
  - SideMenu (6.5.0)

DEPENDENCIES:
  - GTProgressBar
  - iProgressHUD
  - SideMenu

SPEC REPOS:
  trunk:
    - GTProgressBar
    - iProgressHUD
    - SideMenu

SPEC CHECKSUMS:
  GTProgressBar: a480283ecb0ada50de16c71e634892826928f640
  iProgressHUD: caa742128253c97f2c2e1ec59e2bbe6cf689df6a
  SideMenu: f583187d21c5b1dd04c72002be544b555a2627a2

PODFILE CHECKSUM: 3f27395f26723f90dce47f8e8e99f00ae77fcfa0

COCOAPODS: 1.11.2
