// !$*UTF8*$!
{
	archiveVersion = 1;
	classes = {
	};
	objectVersion = 51;
	objects = {

/* Begin PBXBuildFile section */
		C356CBBC2491736100CBB65C /* SettingsViewController.swift in Sources */ = {isa = PBXBuildFile; fileRef = C356CBBB2491736100CBB65C /* SettingsViewController.swift */; };
		C3956C862469BA0400ECB8C0 /* AppDelegate.swift in Sources */ = {isa = PBXBuildFile; fileRef = C3956C852469BA0400ECB8C0 /* AppDelegate.swift */; };
		C3956C882469BA0400ECB8C0 /* SceneDelegate.swift in Sources */ = {isa = PBXBuildFile; fileRef = C3956C872469BA0400ECB8C0 /* SceneDelegate.swift */; };
		C3956C8A2469BA0400ECB8C0 /* ViewController.swift in Sources */ = {isa = PBXBuildFile; fileRef = C3956C892469BA0400ECB8C0 /* ViewController.swift */; };
		C3956C8D2469BA0400ECB8C0 /* Main.storyboard in Resources */ = {isa = PBXBuildFile; fileRef = C3956C8B2469BA0400ECB8C0 /* Main.storyboard */; };
		C3956C8F2469BA0500ECB8C0 /* Assets.xcassets in Resources */ = {isa = PBXBuildFile; fileRef = C3956C8E2469BA0500ECB8C0 /* Assets.xcassets */; };
		C3956C922469BA0500ECB8C0 /* LaunchScreen.storyboard in Resources */ = {isa = PBXBuildFile; fileRef = C3956C902469BA0500ECB8C0 /* LaunchScreen.storyboard */; };
		C3956C9A2469BA1600ECB8C0 /* Covid19Class.swift in Sources */ = {isa = PBXBuildFile; fileRef = C3956C992469BA1600ECB8C0 /* Covid19Class.swift */; };
		C3956C9E2469DEB500ECB8C0 /* DataTableViewCell.swift in Sources */ = {isa = PBXBuildFile; fileRef = C3956C9D2469DEB500ECB8C0 /* DataTableViewCell.swift */; };
		C3B3FD73246B1EEF004F8BAF /* InfoViewController.swift in Sources */ = {isa = PBXBuildFile; fileRef = C3B3FD72246B1EEF004F8BAF /* InfoViewController.swift */; };
		C3B3FD75246B2508004F8BAF /* Functions.swift in Sources */ = {isa = PBXBuildFile; fileRef = C3B3FD74246B2508004F8BAF /* Functions.swift */; };
		C3DA94FD248FA9FF00C6A0E6 /* GlobalStatistics.swift in Sources */ = {isa = PBXBuildFile; fileRef = C3DA94FC248FA9FF00C6A0E6 /* GlobalStatistics.swift */; };
		C3DA94FF248FB7AB00C6A0E6 /* Helpers.swift in Sources */ = {isa = PBXBuildFile; fileRef = C3DA94FE248FB7AB00C6A0E6 /* Helpers.swift */; };
		C3DA9503248FC7D000C6A0E6 /* CountriesStatistics.swift in Sources */ = {isa = PBXBuildFile; fileRef = C3DA9502248FC7D000C6A0E6 /* CountriesStatistics.swift */; };
		C3DA9505248FD15900C6A0E6 /* CountryListTableViewController.swift in Sources */ = {isa = PBXBuildFile; fileRef = C3DA9504248FD15900C6A0E6 /* CountryListTableViewController.swift */; };
		C3DA9509248FDBC700C6A0E6 /* CountryDetailsViewController.swift in Sources */ = {isa = PBXBuildFile; fileRef = C3DA9508248FDBC700C6A0E6 /* CountryDetailsViewController.swift */; };
		E8F42FADD73F4C8821A97047 /* Pods_Covid19.framework in Frameworks */ = {isa = PBXBuildFile; fileRef = 0568DDED033C25EE91C676F2 /* Pods_Covid19.framework */; };
/* End PBXBuildFile section */

/* Begin PBXFileReference section */
		0568DDED033C25EE91C676F2 /* Pods_Covid19.framework */ = {isa = PBXFileReference; explicitFileType = wrapper.framework; includeInIndex = 0; path = Pods_Covid19.framework; sourceTree = BUILT_PRODUCTS_DIR; };
		43104297538BBE6C774F721B /* Pods-Covid19.release.xcconfig */ = {isa = PBXFileReference; includeInIndex = 1; lastKnownFileType = text.xcconfig; name = "Pods-Covid19.release.xcconfig"; path = "Target Support Files/Pods-Covid19/Pods-Covid19.release.xcconfig"; sourceTree = "<group>"; };
		9FEDB02C760C4DA107EF1FB8 /* Pods-Covid19.debug.xcconfig */ = {isa = PBXFileReference; includeInIndex = 1; lastKnownFileType = text.xcconfig; name = "Pods-Covid19.debug.xcconfig"; path = "Target Support Files/Pods-Covid19/Pods-Covid19.debug.xcconfig"; sourceTree = "<group>"; };
		C356CBBB2491736100CBB65C /* SettingsViewController.swift */ = {isa = PBXFileReference; lastKnownFileType = sourcecode.swift; path = SettingsViewController.swift; sourceTree = "<group>"; };
		C3956C822469BA0400ECB8C0 /* كوفيد١٩.app */ = {isa = PBXFileReference; explicitFileType = wrapper.application; includeInIndex = 0; path = "كوفيد١٩.app"; sourceTree = BUILT_PRODUCTS_DIR; };
		C3956C852469BA0400ECB8C0 /* AppDelegate.swift */ = {isa = PBXFileReference; lastKnownFileType = sourcecode.swift; path = AppDelegate.swift; sourceTree = "<group>"; };
		C3956C872469BA0400ECB8C0 /* SceneDelegate.swift */ = {isa = PBXFileReference; lastKnownFileType = sourcecode.swift; path = SceneDelegate.swift; sourceTree = "<group>"; };
		C3956C892469BA0400ECB8C0 /* ViewController.swift */ = {isa = PBXFileReference; lastKnownFileType = sourcecode.swift; path = ViewController.swift; sourceTree = "<group>"; };
		C3956C8C2469BA0400ECB8C0 /* Base */ = {isa = PBXFileReference; lastKnownFileType = file.storyboard; name = Base; path = Base.lproj/Main.storyboard; sourceTree = "<group>"; };
		C3956C8E2469BA0500ECB8C0 /* Assets.xcassets */ = {isa = PBXFileReference; lastKnownFileType = folder.assetcatalog; path = Assets.xcassets; sourceTree = "<group>"; };
		C3956C912469BA0500ECB8C0 /* Base */ = {isa = PBXFileReference; lastKnownFileType = file.storyboard; name = Base; path = Base.lproj/LaunchScreen.storyboard; sourceTree = "<group>"; };
		C3956C932469BA0500ECB8C0 /* Info.plist */ = {isa = PBXFileReference; lastKnownFileType = text.plist.xml; path = Info.plist; sourceTree = "<group>"; };
		C3956C992469BA1600ECB8C0 /* Covid19Class.swift */ = {isa = PBXFileReference; lastKnownFileType = sourcecode.swift; path = Covid19Class.swift; sourceTree = "<group>"; };
		C3956C9D2469DEB500ECB8C0 /* DataTableViewCell.swift */ = {isa = PBXFileReference; lastKnownFileType = sourcecode.swift; path = DataTableViewCell.swift; sourceTree = "<group>"; };
		C3B3FD72246B1EEF004F8BAF /* InfoViewController.swift */ = {isa = PBXFileReference; lastKnownFileType = sourcecode.swift; path = InfoViewController.swift; sourceTree = "<group>"; };
		C3B3FD74246B2508004F8BAF /* Functions.swift */ = {isa = PBXFileReference; lastKnownFileType = sourcecode.swift; path = Functions.swift; sourceTree = "<group>"; };
		C3DA94FC248FA9FF00C6A0E6 /* GlobalStatistics.swift */ = {isa = PBXFileReference; lastKnownFileType = sourcecode.swift; path = GlobalStatistics.swift; sourceTree = "<group>"; };
		C3DA94FE248FB7AB00C6A0E6 /* Helpers.swift */ = {isa = PBXFileReference; lastKnownFileType = sourcecode.swift; path = Helpers.swift; sourceTree = "<group>"; };
		C3DA9502248FC7D000C6A0E6 /* CountriesStatistics.swift */ = {isa = PBXFileReference; lastKnownFileType = sourcecode.swift; path = CountriesStatistics.swift; sourceTree = "<group>"; };
		C3DA9504248FD15900C6A0E6 /* CountryListTableViewController.swift */ = {isa = PBXFileReference; lastKnownFileType = sourcecode.swift; path = CountryListTableViewController.swift; sourceTree = "<group>"; };
		C3DA9508248FDBC700C6A0E6 /* CountryDetailsViewController.swift */ = {isa = PBXFileReference; lastKnownFileType = sourcecode.swift; path = CountryDetailsViewController.swift; sourceTree = "<group>"; };
/* End PBXFileReference section */

/* Begin PBXFrameworksBuildPhase section */
		C3956C7F2469BA0400ECB8C0 /* Frameworks */ = {
			isa = PBXFrameworksBuildPhase;
			buildActionMask = 2147483647;
			files = (
				E8F42FADD73F4C8821A97047 /* Pods_Covid19.framework in Frameworks */,
			);
			runOnlyForDeploymentPostprocessing = 0;
		};
/* End PBXFrameworksBuildPhase section */

/* Begin PBXGroup section */
		07634190D02A4E1082888571 /* Pods */ = {
			isa = PBXGroup;
			children = (
				9FEDB02C760C4DA107EF1FB8 /* Pods-Covid19.debug.xcconfig */,
				43104297538BBE6C774F721B /* Pods-Covid19.release.xcconfig */,
			);
			path = Pods;
			sourceTree = "<group>";
		};
		7E2BF8EA85EFE2123468261F /* Frameworks */ = {
			isa = PBXGroup;
			children = (
				0568DDED033C25EE91C676F2 /* Pods_Covid19.framework */,
			);
			name = Frameworks;
			sourceTree = "<group>";
		};
		C3956C792469BA0400ECB8C0 = {
			isa = PBXGroup;
			children = (
				C3956C842469BA0400ECB8C0 /* Covid19 */,
				C3956C832469BA0400ECB8C0 /* Products */,
				07634190D02A4E1082888571 /* Pods */,
				7E2BF8EA85EFE2123468261F /* Frameworks */,
			);
			sourceTree = "<group>";
		};
		C3956C832469BA0400ECB8C0 /* Products */ = {
			isa = PBXGroup;
			children = (
				C3956C822469BA0400ECB8C0 /* كوفيد١٩.app */,
			);
			name = Products;
			sourceTree = "<group>";
		};
		C3956C842469BA0400ECB8C0 /* Covid19 */ = {
			isa = PBXGroup;
			children = (
				C3956C852469BA0400ECB8C0 /* AppDelegate.swift */,
				C3956C872469BA0400ECB8C0 /* SceneDelegate.swift */,
				C3DA9506248FD16600C6A0E6 /* View Controllers */,
				C3DA9507248FD17E00C6A0E6 /* Other */,
				C3956C8B2469BA0400ECB8C0 /* Main.storyboard */,
				C3956C8E2469BA0500ECB8C0 /* Assets.xcassets */,
				C3956C902469BA0500ECB8C0 /* LaunchScreen.storyboard */,
				C3956C932469BA0500ECB8C0 /* Info.plist */,
			);
			path = Covid19;
			sourceTree = "<group>";
		};
		C3DA9506248FD16600C6A0E6 /* View Controllers */ = {
			isa = PBXGroup;
			children = (
				C3956C892469BA0400ECB8C0 /* ViewController.swift */,
				C3B3FD72246B1EEF004F8BAF /* InfoViewController.swift */,
				C3DA9504248FD15900C6A0E6 /* CountryListTableViewController.swift */,
				C3DA9508248FDBC700C6A0E6 /* CountryDetailsViewController.swift */,
				C356CBBB2491736100CBB65C /* SettingsViewController.swift */,
			);
			path = "View Controllers";
			sourceTree = "<group>";
		};
		C3DA9507248FD17E00C6A0E6 /* Other */ = {
			isa = PBXGroup;
			children = (
				C3956C9D2469DEB500ECB8C0 /* DataTableViewCell.swift */,
				C3956C992469BA1600ECB8C0 /* Covid19Class.swift */,
				C3B3FD74246B2508004F8BAF /* Functions.swift */,
				C3DA94FC248FA9FF00C6A0E6 /* GlobalStatistics.swift */,
				C3DA94FE248FB7AB00C6A0E6 /* Helpers.swift */,
				C3DA9502248FC7D000C6A0E6 /* CountriesStatistics.swift */,
			);
			path = Other;
			sourceTree = "<group>";
		};
/* End PBXGroup section */

/* Begin PBXNativeTarget section */
		C3956C812469BA0400ECB8C0 /* Covid19 */ = {
			isa = PBXNativeTarget;
			buildConfigurationList = C3956C962469BA0500ECB8C0 /* Build configuration list for PBXNativeTarget "Covid19" */;
			buildPhases = (
				C134CA7423A6AC60D1B38AB0 /* [CP] Check Pods Manifest.lock */,
				C3956C7E2469BA0400ECB8C0 /* Sources */,
				C3956C7F2469BA0400ECB8C0 /* Frameworks */,
				C3956C802469BA0400ECB8C0 /* Resources */,
				CC85032CED6C0454E84A19FD /* [CP] Embed Pods Frameworks */,
			);
			buildRules = (
			);
			dependencies = (
			);
			name = Covid19;
			productName = Covid19;
			productReference = C3956C822469BA0400ECB8C0 /* كوفيد١٩.app */;
			productType = "com.apple.product-type.application";
		};
/* End PBXNativeTarget section */

/* Begin PBXProject section */
		C3956C7A2469BA0400ECB8C0 /* Project object */ = {
			isa = PBXProject;
			attributes = {
				LastSwiftUpdateCheck = 1150;
				LastUpgradeCheck = 1140;
				ORGANIZATIONNAME = "Saud Soft";
				TargetAttributes = {
					C3956C812469BA0400ECB8C0 = {
						CreatedOnToolsVersion = 11.4.1;
					};
				};
			};
			buildConfigurationList = C3956C7D2469BA0400ECB8C0 /* Build configuration list for PBXProject "Covid19" */;
			compatibilityVersion = "Xcode 9.3";
			developmentRegion = en;
			hasScannedForEncodings = 0;
			knownRegions = (
				en,
				Base,
			);
			mainGroup = C3956C792469BA0400ECB8C0;
			productRefGroup = C3956C832469BA0400ECB8C0 /* Products */;
			projectDirPath = "";
			projectRoot = "";
			targets = (
				C3956C812469BA0400ECB8C0 /* Covid19 */,
			);
		};
/* End PBXProject section */

/* Begin PBXResourcesBuildPhase section */
		C3956C802469BA0400ECB8C0 /* Resources */ = {
			isa = PBXResourcesBuildPhase;
			buildActionMask = 2147483647;
			files = (
				C3956C922469BA0500ECB8C0 /* LaunchScreen.storyboard in Resources */,
				C3956C8F2469BA0500ECB8C0 /* Assets.xcassets in Resources */,
				C3956C8D2469BA0400ECB8C0 /* Main.storyboard in Resources */,
			);
			runOnlyForDeploymentPostprocessing = 0;
		};
/* End PBXResourcesBuildPhase section */

/* Begin PBXShellScriptBuildPhase section */
		C134CA7423A6AC60D1B38AB0 /* [CP] Check Pods Manifest.lock */ = {
			isa = PBXShellScriptBuildPhase;
			buildActionMask = 2147483647;
			files = (
			);
			inputFileListPaths = (
			);
			inputPaths = (
				"${PODS_PODFILE_DIR_PATH}/Podfile.lock",
				"${PODS_ROOT}/Manifest.lock",
			);
			name = "[CP] Check Pods Manifest.lock";
			outputFileListPaths = (
			);
			outputPaths = (
				"$(DERIVED_FILE_DIR)/Pods-Covid19-checkManifestLockResult.txt",
			);
			runOnlyForDeploymentPostprocessing = 0;
			shellPath = /bin/sh;
			shellScript = "diff \"${PODS_PODFILE_DIR_PATH}/Podfile.lock\" \"${PODS_ROOT}/Manifest.lock\" > /dev/null\nif [ $? != 0 ] ; then\n    # print error to STDERR\n    echo \"error: The sandbox is not in sync with the Podfile.lock. Run 'pod install' or update your CocoaPods installation.\" >&2\n    exit 1\nfi\n# This output is used by Xcode 'outputs' to avoid re-running this script phase.\necho \"SUCCESS\" > \"${SCRIPT_OUTPUT_FILE_0}\"\n";
			showEnvVarsInLog = 0;
		};
		CC85032CED6C0454E84A19FD /* [CP] Embed Pods Frameworks */ = {
			isa = PBXShellScriptBuildPhase;
			buildActionMask = 2147483647;
			files = (
			);
			inputFileListPaths = (
				"${PODS_ROOT}/Target Support Files/Pods-Covid19/Pods-Covid19-frameworks-${CONFIGURATION}-input-files.xcfilelist",
			);
			name = "[CP] Embed Pods Frameworks";
			outputFileListPaths = (
				"${PODS_ROOT}/Target Support Files/Pods-Covid19/Pods-Covid19-frameworks-${CONFIGURATION}-output-files.xcfilelist",
			);
			runOnlyForDeploymentPostprocessing = 0;
			shellPath = /bin/sh;
			shellScript = "\"${PODS_ROOT}/Target Support Files/Pods-Covid19/Pods-Covid19-frameworks.sh\"\n";
			showEnvVarsInLog = 0;
		};
/* End PBXShellScriptBuildPhase section */

/* Begin PBXSourcesBuildPhase section */
		C3956C7E2469BA0400ECB8C0 /* Sources */ = {
			isa = PBXSourcesBuildPhase;
			buildActionMask = 2147483647;
			files = (
				C3956C8A2469BA0400ECB8C0 /* ViewController.swift in Sources */,
				C3956C9E2469DEB500ECB8C0 /* DataTableViewCell.swift in Sources */,
				C3B3FD75246B2508004F8BAF /* Functions.swift in Sources */,
				C3DA94FF248FB7AB00C6A0E6 /* Helpers.swift in Sources */,
				C3956C862469BA0400ECB8C0 /* AppDelegate.swift in Sources */,
				C3DA9503248FC7D000C6A0E6 /* CountriesStatistics.swift in Sources */,
				C3B3FD73246B1EEF004F8BAF /* InfoViewController.swift in Sources */,
				C3DA9509248FDBC700C6A0E6 /* CountryDetailsViewController.swift in Sources */,
				C3956C9A2469BA1600ECB8C0 /* Covid19Class.swift in Sources */,
				C3956C882469BA0400ECB8C0 /* SceneDelegate.swift in Sources */,
				C356CBBC2491736100CBB65C /* SettingsViewController.swift in Sources */,
				C3DA94FD248FA9FF00C6A0E6 /* GlobalStatistics.swift in Sources */,
				C3DA9505248FD15900C6A0E6 /* CountryListTableViewController.swift in Sources */,
			);
			runOnlyForDeploymentPostprocessing = 0;
		};
/* End PBXSourcesBuildPhase section */

/* Begin PBXVariantGroup section */
		C3956C8B2469BA0400ECB8C0 /* Main.storyboard */ = {
			isa = PBXVariantGroup;
			children = (
				C3956C8C2469BA0400ECB8C0 /* Base */,
			);
			name = Main.storyboard;
			sourceTree = "<group>";
		};
		C3956C902469BA0500ECB8C0 /* LaunchScreen.storyboard */ = {
			isa = PBXVariantGroup;
			children = (
				C3956C912469BA0500ECB8C0 /* Base */,
			);
			name = LaunchScreen.storyboard;
			sourceTree = "<group>";
		};
/* End PBXVariantGroup section */

/* Begin XCBuildConfiguration section */
		C3956C942469BA0500ECB8C0 /* Debug */ = {
			isa = XCBuildConfiguration;
			buildSettings = {
				ALWAYS_SEARCH_USER_PATHS = NO;
				CLANG_ANALYZER_NONNULL = YES;
				CLANG_ANALYZER_NUMBER_OBJECT_CONVERSION = YES_AGGRESSIVE;
				CLANG_CXX_LANGUAGE_STANDARD = "gnu++14";
				CLANG_CXX_LIBRARY = "libc++";
				CLANG_ENABLE_MODULES = YES;
				CLANG_ENABLE_OBJC_ARC = YES;
				CLANG_ENABLE_OBJC_WEAK = YES;
				CLANG_WARN_BLOCK_CAPTURE_AUTORELEASING = YES;
				CLANG_WARN_BOOL_CONVERSION = YES;
				CLANG_WARN_COMMA = YES;
				CLANG_WARN_CONSTANT_CONVERSION = YES;
				CLANG_WARN_DEPRECATED_OBJC_IMPLEMENTATIONS = YES;
				CLANG_WARN_DIRECT_OBJC_ISA_USAGE = YES_ERROR;
				CLANG_WARN_DOCUMENTATION_COMMENTS = YES;
				CLANG_WARN_EMPTY_BODY = YES;
				CLANG_WARN_ENUM_CONVERSION = YES;
				CLANG_WARN_INFINITE_RECURSION = YES;
				CLANG_WARN_INT_CONVERSION = YES;
				CLANG_WARN_NON_LITERAL_NULL_CONVERSION = YES;
				CLANG_WARN_OBJC_IMPLICIT_RETAIN_SELF = YES;
				CLANG_WARN_OBJC_LITERAL_CONVERSION = YES;
				CLANG_WARN_OBJC_ROOT_CLASS = YES_ERROR;
				CLANG_WARN_RANGE_LOOP_ANALYSIS = YES;
				CLANG_WARN_STRICT_PROTOTYPES = YES;
				CLANG_WARN_SUSPICIOUS_MOVE = YES;
				CLANG_WARN_UNGUARDED_AVAILABILITY = YES_AGGRESSIVE;
				CLANG_WARN_UNREACHABLE_CODE = YES;
				CLANG_WARN__DUPLICATE_METHOD_MATCH = YES;
				COPY_PHASE_STRIP = NO;
				DEBUG_INFORMATION_FORMAT = dwarf;
				ENABLE_STRICT_OBJC_MSGSEND = YES;
				ENABLE_TESTABILITY = YES;
				GCC_C_LANGUAGE_STANDARD = gnu11;
				GCC_DYNAMIC_NO_PIC = NO;
				GCC_NO_COMMON_BLOCKS = YES;
				GCC_OPTIMIZATION_LEVEL = 0;
				GCC_PREPROCESSOR_DEFINITIONS = (
					"DEBUG=1",
					"$(inherited)",
				);
				GCC_WARN_64_TO_32_BIT_CONVERSION = YES;
				GCC_WARN_ABOUT_RETURN_TYPE = YES_ERROR;
				GCC_WARN_UNDECLARED_SELECTOR = YES;
				GCC_WARN_UNINITIALIZED_AUTOS = YES_AGGRESSIVE;
				GCC_WARN_UNUSED_FUNCTION = YES;
				GCC_WARN_UNUSED_VARIABLE = YES;
				IPHONEOS_DEPLOYMENT_TARGET = 13.4;
				MTL_ENABLE_DEBUG_INFO = INCLUDE_SOURCE;
				MTL_FAST_MATH = YES;
				ONLY_ACTIVE_ARCH = YES;
				SDKROOT = iphoneos;
				SWIFT_ACTIVE_COMPILATION_CONDITIONS = DEBUG;
				SWIFT_OPTIMIZATION_LEVEL = "-Onone";
			};
			name = Debug;
		};
		C3956C952469BA0500ECB8C0 /* Release */ = {
			isa = XCBuildConfiguration;
			buildSettings = {
				ALWAYS_SEARCH_USER_PATHS = NO;
				CLANG_ANALYZER_NONNULL = YES;
				CLANG_ANALYZER_NUMBER_OBJECT_CONVERSION = YES_AGGRESSIVE;
				CLANG_CXX_LANGUAGE_STANDARD = "gnu++14";
				CLANG_CXX_LIBRARY = "libc++";
				CLANG_ENABLE_MODULES = YES;
				CLANG_ENABLE_OBJC_ARC = YES;
				CLANG_ENABLE_OBJC_WEAK = YES;
				CLANG_WARN_BLOCK_CAPTURE_AUTORELEASING = YES;
				CLANG_WARN_BOOL_CONVERSION = YES;
				CLANG_WARN_COMMA = YES;
				CLANG_WARN_CONSTANT_CONVERSION = YES;
				CLANG_WARN_DEPRECATED_OBJC_IMPLEMENTATIONS = YES;
				CLANG_WARN_DIRECT_OBJC_ISA_USAGE = YES_ERROR;
				CLANG_WARN_DOCUMENTATION_COMMENTS = YES;
				CLANG_WARN_EMPTY_BODY = YES;
				CLANG_WARN_ENUM_CONVERSION = YES;
				CLANG_WARN_INFINITE_RECURSION = YES;
				CLANG_WARN_INT_CONVERSION = YES;
				CLANG_WARN_NON_LITERAL_NULL_CONVERSION = YES;
				CLANG_WARN_OBJC_IMPLICIT_RETAIN_SELF = YES;
				CLANG_WARN_OBJC_LITERAL_CONVERSION = YES;
				CLANG_WARN_OBJC_ROOT_CLASS = YES_ERROR;
				CLANG_WARN_RANGE_LOOP_ANALYSIS = YES;
				CLANG_WARN_STRICT_PROTOTYPES = YES;
				CLANG_WARN_SUSPICIOUS_MOVE = YES;
				CLANG_WARN_UNGUARDED_AVAILABILITY = YES_AGGRESSIVE;
				CLANG_WARN_UNREACHABLE_CODE = YES;
				CLANG_WARN__DUPLICATE_METHOD_MATCH = YES;
				COPY_PHASE_STRIP = NO;
				DEBUG_INFORMATION_FORMAT = "dwarf-with-dsym";
				ENABLE_NS_ASSERTIONS = NO;
				ENABLE_STRICT_OBJC_MSGSEND = YES;
				GCC_C_LANGUAGE_STANDARD = gnu11;
				GCC_NO_COMMON_BLOCKS = YES;
				GCC_WARN_64_TO_32_BIT_CONVERSION = YES;
				GCC_WARN_ABOUT_RETURN_TYPE = YES_ERROR;
				GCC_WARN_UNDECLARED_SELECTOR = YES;
				GCC_WARN_UNINITIALIZED_AUTOS = YES_AGGRESSIVE;
				GCC_WARN_UNUSED_FUNCTION = YES;
				GCC_WARN_UNUSED_VARIABLE = YES;
				IPHONEOS_DEPLOYMENT_TARGET = 13.4;
				MTL_ENABLE_DEBUG_INFO = NO;
				MTL_FAST_MATH = YES;
				SDKROOT = iphoneos;
				SWIFT_COMPILATION_MODE = wholemodule;
				SWIFT_OPTIMIZATION_LEVEL = "-O";
				VALIDATE_PRODUCT = YES;
			};
			name = Release;
		};
		C3956C972469BA0500ECB8C0 /* Debug */ = {
			isa = XCBuildConfiguration;
			baseConfigurationReference = 9FEDB02C760C4DA107EF1FB8 /* Pods-Covid19.debug.xcconfig */;
			buildSettings = {
				ASSETCATALOG_COMPILER_APPICON_NAME = AppIcon;
				CODE_SIGN_ENTITLEMENTS = "Covid19/Covid19 KSA.entitlements";
				CODE_SIGN_STYLE = Automatic;
				CURRENT_PROJECT_VERSION = 3;
				DEVELOPMENT_TEAM = RXEJ239YAW;
				INFOPLIST_FILE = Covid19/Info.plist;
				IPHONEOS_DEPLOYMENT_TARGET = 13.0;
				LD_RUNPATH_SEARCH_PATHS = (
					"$(inherited)",
					"@executable_path/Frameworks",
				);
				MARKETING_VERSION = 1.0;
				PRODUCT_BUNDLE_IDENTIFIER = "com.saudsoft.Covid-19-KSA";
				PRODUCT_NAME = "كوفيد١٩";
				SWIFT_VERSION = 5.0;
				TARGETED_DEVICE_FAMILY = 1;
			};
			name = Debug;
		};
		C3956C982469BA0500ECB8C0 /* Release */ = {
			isa = XCBuildConfiguration;
			baseConfigurationReference = 43104297538BBE6C774F721B /* Pods-Covid19.release.xcconfig */;
			buildSettings = {
				ASSETCATALOG_COMPILER_APPICON_NAME = AppIcon;
				CODE_SIGN_ENTITLEMENTS = "Covid19/Covid19 KSA.entitlements";
				CODE_SIGN_STYLE = Automatic;
				CURRENT_PROJECT_VERSION = 3;
				DEVELOPMENT_TEAM = RXEJ239YAW;
				INFOPLIST_FILE = Covid19/Info.plist;
				IPHONEOS_DEPLOYMENT_TARGET = 13.0;
				LD_RUNPATH_SEARCH_PATHS = (
					"$(inherited)",
					"@executable_path/Frameworks",
				);
				MARKETING_VERSION = 1.0;
				PRODUCT_BUNDLE_IDENTIFIER = "com.saudsoft.Covid-19-KSA";
				PRODUCT_NAME = "كوفيد١٩";
				SWIFT_VERSION = 5.0;
				TARGETED_DEVICE_FAMILY = 1;
			};
			name = Release;
		};
/* End XCBuildConfiguration section */

/* Begin XCConfigurationList section */
		C3956C7D2469BA0400ECB8C0 /* Build configuration list for PBXProject "Covid19" */ = {
			isa = XCConfigurationList;
			buildConfigurations = (
				C3956C942469BA0500ECB8C0 /* Debug */,
				C3956C952469BA0500ECB8C0 /* Release */,
			);
			defaultConfigurationIsVisible = 0;
			defaultConfigurationName = Release;
		};
		C3956C962469BA0500ECB8C0 /* Build configuration list for PBXNativeTarget "Covid19" */ = {
			isa = XCConfigurationList;
			buildConfigurations = (
				C3956C972469BA0500ECB8C0 /* Debug */,
				C3956C982469BA0500ECB8C0 /* Release */,
			);
			defaultConfigurationIsVisible = 0;
			defaultConfigurationName = Release;
		};
/* End XCConfigurationList section */
	};
	rootObject = C3956C7A2469BA0400ECB8C0 /* Project object */;
}
